
Microsoft Visual Studio Solution File, Format Version 12.00
# Visual Studio 15
Project("{FAE04EC0-301F-11D3-BF4B-00C04F79EFBC}") = "Assembly-CSharp-firstpass", "Assembly-CSharp-firstpass.csproj", "{80E7AC88-8B48-87EB-1B61-A6EDBBFFD8F5}"
EndProject
Project("{FAE04EC0-301F-11D3-BF4B-00C04F79EFBC}") = "LeapMotion", "LeapMotion.csproj", "{E0519032-0528-CEB3-59FB-A5ABC428CA09}"
EndProject
Project("{FAE04EC0-301F-11D3-BF4B-00C04F79EFBC}") = "UnityEngine.TestRunner", "UnityEngine.TestRunner.csproj", "{4DF2E75D-3119-AC9A-307F-B6A2AC21D657}"
EndProject
Project("{FAE04EC0-301F-11D3-BF4B-00C04F79EFBC}") = "Unity.InputSystem", "Unity.InputSystem.csproj", "{1B5C00D5-0053-5BDA-93F0-1C7F559634F0}"
EndProject
Project("{FAE04EC0-301F-11D3-BF4B-00C04F79EFBC}") = "UnityEngine.XR.LegacyInputHelpers", "UnityEngine.XR.LegacyInputHelpers.csproj", "{4366234A-5994-5D3B-3C3C-780B710322FF}"
EndProject
Project("{FAE04EC0-301F-11D3-BF4B-00C04F79EFBC}") = "Unity.Timeline", "Unity.Timeline.csproj", "{D9A188B6-E5C9-4CDB-4811-023C87552075}"
EndProject
Project("{FAE04EC0-301F-11D3-BF4B-00C04F79EFBC}") = "UnityEngine.UI", "UnityEngine.UI.csproj", "{FA4CD907-3726-601E-F971-38A84F8138A1}"
EndProject
Project("{FAE04EC0-301F-11D3-BF4B-00C04F79EFBC}") = "Unity.TextMeshPro", "Unity.TextMeshPro.csproj", "{CE5947E8-FB62-62D8-A0E3-31299E549669}"
EndProject
Project("{FAE04EC0-301F-11D3-BF4B-00C04F79EFBC}") = "Unity.XR.Oculus", "Unity.XR.Oculus.csproj", "{1D9CFB9A-741C-83B9-B080-96484AF91D84}"
EndProject
Project("{FAE04EC0-301F-11D3-BF4B-00C04F79EFBC}") = "LeapMotion.LeapCSharp", "LeapMotion.LeapCSharp.csproj", "{BDB857D7-EC4C-1A6F-1230-27FFDF2E78E9}"
EndProject
Project("{FAE04EC0-301F-11D3-BF4B-00C04F79EFBC}") = "Unity.XR.Management", "Unity.XR.Management.csproj", "{5575D315-7546-68AE-05FA-7EE2EA2CB1D9}"
EndProject
Project("{FAE04EC0-301F-11D3-BF4B-00C04F79EFBC}") = "Unity.XR.OpenXR", "Unity.XR.OpenXR.csproj", "{20D2C0B3-C0D8-98AF-5D23-E846A7689B86}"
EndProject
Project("{FAE04EC0-301F-11D3-BF4B-00C04F79EFBC}") = "Unity.XR.MockHMD", "Unity.XR.MockHMD.csproj", "{A7D05D67-0719-B380-2D5F-F8DFEA792519}"
EndProject
Project("{FAE04EC0-301F-11D3-BF4B-00C04F79EFBC}") = "Unity.XR.OpenXR.Features.MockDriver", "Unity.XR.OpenXR.Features.MockDriver.csproj", "{A6BADA9A-9EAF-2E59-B854-A1B27E42ADF4}"
EndProject
Project("{FAE04EC0-301F-11D3-BF4B-00C04F79EFBC}") = "Unity.XR.OpenXR.Features.ConformanceAutomation", "Unity.XR.OpenXR.Features.ConformanceAutomation.csproj", "{83281635-BF0E-8341-264B-3D5BC4AF704B}"
EndProject
Project("{FAE04EC0-301F-11D3-BF4B-00C04F79EFBC}") = "Unity.XR.OpenXR.TestHelpers", "Unity.XR.OpenXR.TestHelpers.csproj", "{14F88DDF-6B16-7B4D-0291-70D2FF727FCA}"
EndProject
Project("{FAE04EC0-301F-11D3-BF4B-00C04F79EFBC}") = "Unity.XR.OpenXR.Features.MockRuntime", "Unity.XR.OpenXR.Features.MockRuntime.csproj", "{E922E957-2CB6-BFFC-2828-061FE748EEB6}"
EndProject
Project("{FAE04EC0-301F-11D3-BF4B-00C04F79EFBC}") = "Unity.Subsystem.Registration", "Unity.Subsystem.Registration.csproj", "{470383DE-64DE-0091-140B-EFED50618045}"
EndProject
Project("{FAE04EC0-301F-11D3-BF4B-00C04F79EFBC}") = "UnityEngine.SpatialTracking", "UnityEngine.SpatialTracking.csproj", "{7985CA80-4220-9975-CA1C-179DE9F79BD0}"
EndProject
Project("{FAE04EC0-301F-11D3-BF4B-00C04F79EFBC}") = "Unity.XR.OpenXR.Features.RuntimeDebugger", "Unity.XR.OpenXR.Features.RuntimeDebugger.csproj", "{3D26D5C9-15A1-959A-740A-14D65E6AAB91}"
EndProject
Project("{FAE04EC0-301F-11D3-BF4B-00C04F79EFBC}") = "Assembly-CSharp", "Assembly-CSharp.csproj", "{43357933-1104-0F44-D56F-A61C38C6DE2C}"
EndProject
Project("{FAE04EC0-301F-11D3-BF4B-00C04F79EFBC}") = "Unity.Timeline.Editor", "Unity.Timeline.Editor.csproj", "{3BA55168-094E-9C92-BDBE-2B1ED87952DD}"
EndProject
Project("{FAE04EC0-301F-11D3-BF4B-00C04F79EFBC}") = "Unity.XR.Management.Editor", "Unity.XR.Management.Editor.csproj", "{78E8D246-CA3E-3D6F-6A67-72E1783C5028}"
EndProject
Project("{FAE04EC0-301F-11D3-BF4B-00C04F79EFBC}") = "UnityEditor.TestRunner", "UnityEditor.TestRunner.csproj", "{E456B13A-3CAC-C4BE-E306-C3407D4EED42}"
EndProject
Project("{FAE04EC0-301F-11D3-BF4B-00C04F79EFBC}") = "Assembly-CSharp-Editor-firstpass", "Assembly-CSharp-Editor-firstpass.csproj", "{763CFA44-7ED6-1E31-6019-3469D16CD46A}"
EndProject
Project("{FAE04EC0-301F-11D3-BF4B-00C04F79EFBC}") = "UnityEditor.UI", "UnityEditor.UI.csproj", "{4B208DBF-A6F8-F62A-BDC3-AA502CD0D0DA}"
EndProject
Project("{FAE04EC0-301F-11D3-BF4B-00C04F79EFBC}") = "Unity.VisualStudio.Editor", "Unity.VisualStudio.Editor.csproj", "{3B7C65CA-7AA9-A131-BBF2-7839EBC25CB7}"
EndProject
Project("{FAE04EC0-301F-11D3-BF4B-00C04F79EFBC}") = "Unity.XR.OpenXR.Editor", "Unity.XR.OpenXR.Editor.csproj", "{4D513A08-B73D-1F49-1F9E-B376AE7D2F23}"
EndProject
Project("{FAE04EC0-301F-11D3-BF4B-00C04F79EFBC}") = "Unity.TextMeshPro.Editor", "Unity.TextMeshPro.Editor.csproj", "{09328A2A-0A84-8A48-5D45-6B46EAFE0431}"
EndProject
Project("{FAE04EC0-301F-11D3-BF4B-00C04F79EFBC}") = "Unity.CollabProxy.Editor", "Unity.CollabProxy.Editor.csproj", "{FAA3E1A6-4A75-216F-DC50-20E0E58A497C}"
EndProject
Project("{FAE04EC0-301F-11D3-BF4B-00C04F79EFBC}") = "Unity.Rider.Editor", "Unity.Rider.Editor.csproj", "{01CB3231-1B44-DDBA-0230-F2C4714F7B9D}"
EndProject
Project("{FAE04EC0-301F-11D3-BF4B-00C04F79EFBC}") = "UnityEditor.XR.LegacyInputHelpers", "UnityEditor.XR.LegacyInputHelpers.csproj", "{22B62FD1-2906-362A-BC29-7037D9C2C213}"
EndProject
Project("{FAE04EC0-301F-11D3-BF4B-00C04F79EFBC}") = "Unity.VSCode.Editor", "Unity.VSCode.Editor.csproj", "{00E08A2D-6E75-13B6-D730-58470E535682}"
EndProject
Project("{FAE04EC0-301F-11D3-BF4B-00C04F79EFBC}") = "UnityEditor.SpatialTracking", "UnityEditor.SpatialTracking.csproj", "{AE92A337-113F-7983-8BD9-06E8883F8970}"
EndProject
Project("{FAE04EC0-301F-11D3-BF4B-00C04F79EFBC}") = "Unity.XR.MockHMD.Editor", "Unity.XR.MockHMD.Editor.csproj", "{A1A70B6B-66C8-3B61-67B9-178E3606D3E5}"
EndProject
Project("{FAE04EC0-301F-11D3-BF4B-00C04F79EFBC}") = "Unity.XR.Oculus.Editor", "Unity.XR.Oculus.Editor.csproj", "{EED23DB5-0FDF-9E8E-FE87-DD693902A9B7}"
EndProject
Project("{FAE04EC0-301F-11D3-BF4B-00C04F79EFBC}") = "Unity.XR.OpenXR.Features.RuntimeDebugger.Editor", "Unity.XR.OpenXR.Features.RuntimeDebugger.Editor.csproj", "{8A410642-E285-8FC2-68E7-E2A5F45FF374}"
EndProject
Project("{FAE04EC0-301F-11D3-BF4B-00C04F79EFBC}") = "Assembly-CSharp-firstpass", "Assembly-CSharp-firstpass.Player.csproj", "{8CCB7C0F-59E3-0D6C-20BC-8D174EFBFCD6}"
EndProject
Project("{FAE04EC0-301F-11D3-BF4B-00C04F79EFBC}") = "LeapMotion", "LeapMotion.Player.csproj", "{9F3B3F69-2172-0243-A2E3-BE6C36D36F4E}"
EndProject
Project("{FAE04EC0-301F-11D3-BF4B-00C04F79EFBC}") = "UnityEngine.TestRunner", "UnityEngine.TestRunner.Player.csproj", "{48FB58AE-521B-9827-4169-6FE2AE645C1E}"
EndProject
Project("{FAE04EC0-301F-11D3-BF4B-00C04F79EFBC}") = "Unity.InputSystem", "Unity.InputSystem.Player.csproj", "{3115F8D8-D471-64D5-BD8C-5B8669560FE3}"
EndProject
Project("{FAE04EC0-301F-11D3-BF4B-00C04F79EFBC}") = "UnityEngine.XR.LegacyInputHelpers", "UnityEngine.XR.LegacyInputHelpers.Player.csproj", "{09BE905F-468C-60A2-8C4B-D0A4B89657D3}"
EndProject
Project("{FAE04EC0-301F-11D3-BF4B-00C04F79EFBC}") = "Unity.Timeline", "Unity.Timeline.Player.csproj", "{E73C8512-7230-3292-4336-43E0E24B3F07}"
EndProject
Project("{FAE04EC0-301F-11D3-BF4B-00C04F79EFBC}") = "UnityEngine.UI", "UnityEngine.UI.Player.csproj", "{12FE58AA-5AB8-8706-0AD8-5FBA518F3B80}"
EndProject
Project("{FAE04EC0-301F-11D3-BF4B-00C04F79EFBC}") = "Unity.TextMeshPro", "Unity.TextMeshPro.Player.csproj", "{AE69ECDE-3577-95FA-21FF-99C25AF52362}"
EndProject
Project("{FAE04EC0-301F-11D3-BF4B-00C04F79EFBC}") = "Unity.XR.Oculus", "Unity.XR.Oculus.Player.csproj", "{AE107DA6-5044-57C4-5AD5-0DAA41A78D53}"
EndProject
Project("{FAE04EC0-301F-11D3-BF4B-00C04F79EFBC}") = "LeapMotion.LeapCSharp", "LeapMotion.LeapCSharp.Player.csproj", "{BF46B9CE-8FDD-D37C-5809-5A507608F6C4}"
EndProject
Project("{FAE04EC0-301F-11D3-BF4B-00C04F79EFBC}") = "Unity.XR.Management", "Unity.XR.Management.Player.csproj", "{0C305582-4553-6ED1-93D5-CF35D59C4AD4}"
EndProject
Project("{FAE04EC0-301F-11D3-BF4B-00C04F79EFBC}") = "Unity.XR.OpenXR", "Unity.XR.OpenXR.Player.csproj", "{87D63D61-96C8-2A12-F709-9A29304FE63D}"
EndProject
Project("{FAE04EC0-301F-11D3-BF4B-00C04F79EFBC}") = "Unity.XR.MockHMD", "Unity.XR.MockHMD.Player.csproj", "{92A372FD-17C3-2E58-8EC2-5AD9D037A470}"
EndProject
Project("{FAE04EC0-301F-11D3-BF4B-00C04F79EFBC}") = "Unity.XR.OpenXR.Features.MockDriver", "Unity.XR.OpenXR.Features.MockDriver.Player.csproj", "{1AC05E6A-14D5-1AE0-9121-4675039FEA98}"
EndProject
Project("{FAE04EC0-301F-11D3-BF4B-00C04F79EFBC}") = "Unity.XR.OpenXR.Features.ConformanceAutomation", "Unity.XR.OpenXR.Features.ConformanceAutomation.Player.csproj", "{E72A4F28-10B1-BB61-1891-F49CA5281BA7}"
EndProject
Project("{FAE04EC0-301F-11D3-BF4B-00C04F79EFBC}") = "Unity.XR.OpenXR.TestHelpers", "Unity.XR.OpenXR.TestHelpers.Player.csproj", "{CA610BC8-BF4F-A41F-1AE9-C149D72E408B}"
EndProject
Project("{FAE04EC0-301F-11D3-BF4B-00C04F79EFBC}") = "Unity.XR.OpenXR.Features.MockRuntime", "Unity.XR.OpenXR.Features.MockRuntime.Player.csproj", "{CEE4FC60-7113-D3CD-CC91-676A9D0E7B8B}"
EndProject
Project("{FAE04EC0-301F-11D3-BF4B-00C04F79EFBC}") = "Unity.Subsystem.Registration", "Unity.Subsystem.Registration.Player.csproj", "{A0899659-3125-7633-1915-16AC5A64138D}"
EndProject
Project("{FAE04EC0-301F-11D3-BF4B-00C04F79EFBC}") = "UnityEngine.SpatialTracking", "UnityEngine.SpatialTracking.Player.csproj", "{798E79C9-24C5-31F9-9BA4-FF743BEE70CE}"
EndProject
Project("{FAE04EC0-301F-11D3-BF4B-00C04F79EFBC}") = "Unity.XR.OpenXR.Features.RuntimeDebugger", "Unity.XR.OpenXR.Features.RuntimeDebugger.Player.csproj", "{6D4FB0CF-5688-8881-9152-CF0B1F305E0D}"
EndProject
Project("{FAE04EC0-301F-11D3-BF4B-00C04F79EFBC}") = "Assembly-CSharp", "Assembly-CSharp.Player.csproj", "{39505FD1-F162-2204-DEE8-6962A87734C8}"
EndProject
Global
	GlobalSection(SolutionConfigurationPlatforms) = preSolution
		Debug|Any CPU = Debug|Any CPU
		Release|Any CPU = Release|Any CPU
	EndGlobalSection
	GlobalSection(ProjectConfigurationPlatforms) = postSolution
		{80E7AC88-8B48-87EB-1B61-A6EDBBFFD8F5}.Debug|Any CPU.ActiveCfg = Debug|Any CPU
		{80E7AC88-8B48-87EB-1B61-A6EDBBFFD8F5}.Debug|Any CPU.Build.0 = Debug|Any CPU
		{80E7AC88-8B48-87EB-1B61-A6EDBBFFD8F5}.Release|Any CPU.ActiveCfg = Release|Any CPU
		{80E7AC88-8B48-87EB-1B61-A6EDBBFFD8F5}.Release|Any CPU.Build.0 = Release|Any CPU
		{E0519032-0528-CEB3-59FB-A5ABC428CA09}.Debug|Any CPU.ActiveCfg = Debug|Any CPU
		{E0519032-0528-CEB3-59FB-A5ABC428CA09}.Debug|Any CPU.Build.0 = Debug|Any CPU
		{E0519032-0528-CEB3-59FB-A5ABC428CA09}.Release|Any CPU.ActiveCfg = Release|Any CPU
		{E0519032-0528-CEB3-59FB-A5ABC428CA09}.Release|Any CPU.Build.0 = Release|Any CPU
		{4DF2E75D-3119-AC9A-307F-B6A2AC21D657}.Debug|Any CPU.ActiveCfg = Debug|Any CPU
		{4DF2E75D-3119-AC9A-307F-B6A2AC21D657}.Debug|Any CPU.Build.0 = Debug|Any CPU
		{4DF2E75D-3119-AC9A-307F-B6A2AC21D657}.Release|Any CPU.ActiveCfg = Release|Any CPU
		{4DF2E75D-3119-AC9A-307F-B6A2AC21D657}.Release|Any CPU.Build.0 = Release|Any CPU
		{1B5C00D5-0053-5BDA-93F0-1C7F559634F0}.Debug|Any CPU.ActiveCfg = Debug|Any CPU
		{1B5C00D5-0053-5BDA-93F0-1C7F559634F0}.Debug|Any CPU.Build.0 = Debug|Any CPU
		{1B5C00D5-0053-5BDA-93F0-1C7F559634F0}.Release|Any CPU.ActiveCfg = Release|Any CPU
		{1B5C00D5-0053-5BDA-93F0-1C7F559634F0}.Release|Any CPU.Build.0 = Release|Any CPU
		{4366234A-5994-5D3B-3C3C-780B710322FF}.Debug|Any CPU.ActiveCfg = Debug|Any CPU
		{4366234A-5994-5D3B-3C3C-780B710322FF}.Debug|Any CPU.Build.0 = Debug|Any CPU
		{4366234A-5994-5D3B-3C3C-780B710322FF}.Release|Any CPU.ActiveCfg = Release|Any CPU
		{4366234A-5994-5D3B-3C3C-780B710322FF}.Release|Any CPU.Build.0 = Release|Any CPU
		{D9A188B6-E5C9-4CDB-4811-023C87552075}.Debug|Any CPU.ActiveCfg = Debug|Any CPU
		{D9A188B6-E5C9-4CDB-4811-023C87552075}.Debug|Any CPU.Build.0 = Debug|Any CPU
		{D9A188B6-E5C9-4CDB-4811-023C87552075}.Release|Any CPU.ActiveCfg = Release|Any CPU
		{D9A188B6-E5C9-4CDB-4811-023C87552075}.Release|Any CPU.Build.0 = Release|Any CPU
		{FA4CD907-3726-601E-F971-38A84F8138A1}.Debug|Any CPU.ActiveCfg = Debug|Any CPU
		{FA4CD907-3726-601E-F971-38A84F8138A1}.Debug|Any CPU.Build.0 = Debug|Any CPU
		{FA4CD907-3726-601E-F971-38A84F8138A1}.Release|Any CPU.ActiveCfg = Release|Any CPU
		{FA4CD907-3726-601E-F971-38A84F8138A1}.Release|Any CPU.Build.0 = Release|Any CPU
		{CE5947E8-FB62-62D8-A0E3-31299E549669}.Debug|Any CPU.ActiveCfg = Debug|Any CPU
		{CE5947E8-FB62-62D8-A0E3-31299E549669}.Debug|Any CPU.Build.0 = Debug|Any CPU
		{CE5947E8-FB62-62D8-A0E3-31299E549669}.Release|Any CPU.ActiveCfg = Release|Any CPU
		{CE5947E8-FB62-62D8-A0E3-31299E549669}.Release|Any CPU.Build.0 = Release|Any CPU
		{1D9CFB9A-741C-83B9-B080-96484AF91D84}.Debug|Any CPU.ActiveCfg = Debug|Any CPU
		{1D9CFB9A-741C-83B9-B080-96484AF91D84}.Debug|Any CPU.Build.0 = Debug|Any CPU
		{1D9CFB9A-741C-83B9-B080-96484AF91D84}.Release|Any CPU.ActiveCfg = Release|Any CPU
		{1D9CFB9A-741C-83B9-B080-96484AF91D84}.Release|Any CPU.Build.0 = Release|Any CPU
		{BDB857D7-EC4C-1A6F-1230-27FFDF2E78E9}.Debug|Any CPU.ActiveCfg = Debug|Any CPU
		{BDB857D7-EC4C-1A6F-1230-27FFDF2E78E9}.Debug|Any CPU.Build.0 = Debug|Any CPU
		{BDB857D7-EC4C-1A6F-1230-27FFDF2E78E9}.Release|Any CPU.ActiveCfg = Release|Any CPU
		{BDB857D7-EC4C-1A6F-1230-27FFDF2E78E9}.Release|Any CPU.Build.0 = Release|Any CPU
		{5575D315-7546-68AE-05FA-7EE2EA2CB1D9}.Debug|Any CPU.ActiveCfg = Debug|Any CPU
		{5575D315-7546-68AE-05FA-7EE2EA2CB1D9}.Debug|Any CPU.Build.0 = Debug|Any CPU
		{5575D315-7546-68AE-05FA-7EE2EA2CB1D9}.Release|Any CPU.ActiveCfg = Release|Any CPU
		{5575D315-7546-68AE-05FA-7EE2EA2CB1D9}.Release|Any CPU.Build.0 = Release|Any CPU
		{20D2C0B3-C0D8-98AF-5D23-E846A7689B86}.Debug|Any CPU.ActiveCfg = Debug|Any CPU
		{20D2C0B3-C0D8-98AF-5D23-E846A7689B86}.Debug|Any CPU.Build.0 = Debug|Any CPU
		{20D2C0B3-C0D8-98AF-5D23-E846A7689B86}.Release|Any CPU.ActiveCfg = Release|Any CPU
		{20D2C0B3-C0D8-98AF-5D23-E846A7689B86}.Release|Any CPU.Build.0 = Release|Any CPU
		{A7D05D67-0719-B380-2D5F-F8DFEA792519}.Debug|Any CPU.ActiveCfg = Debug|Any CPU
		{A7D05D67-0719-B380-2D5F-F8DFEA792519}.Debug|Any CPU.Build.0 = Debug|Any CPU
		{A7D05D67-0719-B380-2D5F-F8DFEA792519}.Release|Any CPU.ActiveCfg = Release|Any CPU
		{A7D05D67-0719-B380-2D5F-F8DFEA792519}.Release|Any CPU.Build.0 = Release|Any CPU
		{A6BADA9A-9EAF-2E59-B854-A1B27E42ADF4}.Debug|Any CPU.ActiveCfg = Debug|Any CPU
		{A6BADA9A-9EAF-2E59-B854-A1B27E42ADF4}.Debug|Any CPU.Build.0 = Debug|Any CPU
		{A6BADA9A-9EAF-2E59-B854-A1B27E42ADF4}.Release|Any CPU.ActiveCfg = Release|Any CPU
		{A6BADA9A-9EAF-2E59-B854-A1B27E42ADF4}.Release|Any CPU.Build.0 = Release|Any CPU
		{83281635-BF0E-8341-264B-3D5BC4AF704B}.Debug|Any CPU.ActiveCfg = Debug|Any CPU
		{83281635-BF0E-8341-264B-3D5BC4AF704B}.Debug|Any CPU.Build.0 = Debug|Any CPU
		{83281635-BF0E-8341-264B-3D5BC4AF704B}.Release|Any CPU.ActiveCfg = Release|Any CPU
		{83281635-BF0E-8341-264B-3D5BC4AF704B}.Release|Any CPU.Build.0 = Release|Any CPU
		{14F88DDF-6B16-7B4D-0291-70D2FF727FCA}.Debug|Any CPU.ActiveCfg = Debug|Any CPU
		{14F88DDF-6B16-7B4D-0291-70D2FF727FCA}.Debug|Any CPU.Build.0 = Debug|Any CPU
		{14F88DDF-6B16-7B4D-0291-70D2FF727FCA}.Release|Any CPU.ActiveCfg = Release|Any CPU
		{14F88DDF-6B16-7B4D-0291-70D2FF727FCA}.Release|Any CPU.Build.0 = Release|Any CPU
		{E922E957-2CB6-BFFC-2828-061FE748EEB6}.Debug|Any CPU.ActiveCfg = Debug|Any CPU
		{E922E957-2CB6-BFFC-2828-061FE748EEB6}.Debug|Any CPU.Build.0 = Debug|Any CPU
		{E922E957-2CB6-BFFC-2828-061FE748EEB6}.Release|Any CPU.ActiveCfg = Release|Any CPU
		{E922E957-2CB6-BFFC-2828-061FE748EEB6}.Release|Any CPU.Build.0 = Release|Any CPU
		{470383DE-64DE-0091-140B-EFED50618045}.Debug|Any CPU.ActiveCfg = Debug|Any CPU
		{470383DE-64DE-0091-140B-EFED50618045}.Debug|Any CPU.Build.0 = Debug|Any CPU
		{470383DE-64DE-0091-140B-EFED50618045}.Release|Any CPU.ActiveCfg = Release|Any CPU
		{470383DE-64DE-0091-140B-EFED50618045}.Release|Any CPU.Build.0 = Release|Any CPU
		{7985CA80-4220-9975-CA1C-179DE9F79BD0}.Debug|Any CPU.ActiveCfg = Debug|Any CPU
		{7985CA80-4220-9975-CA1C-179DE9F79BD0}.Debug|Any CPU.Build.0 = Debug|Any CPU
		{7985CA80-4220-9975-CA1C-179DE9F79BD0}.Release|Any CPU.ActiveCfg = Release|Any CPU
		{7985CA80-4220-9975-CA1C-179DE9F79BD0}.Release|Any CPU.Build.0 = Release|Any CPU
		{3D26D5C9-15A1-959A-740A-14D65E6AAB91}.Debug|Any CPU.ActiveCfg = Debug|Any CPU
		{3D26D5C9-15A1-959A-740A-14D65E6AAB91}.Debug|Any CPU.Build.0 = Debug|Any CPU
		{3D26D5C9-15A1-959A-740A-14D65E6AAB91}.Release|Any CPU.ActiveCfg = Release|Any CPU
		{3D26D5C9-15A1-959A-740A-14D65E6AAB91}.Release|Any CPU.Build.0 = Release|Any CPU
		{43357933-1104-0F44-D56F-A61C38C6DE2C}.Debug|Any CPU.ActiveCfg = Debug|Any CPU
		{43357933-1104-0F44-D56F-A61C38C6DE2C}.Debug|Any CPU.Build.0 = Debug|Any CPU
		{43357933-1104-0F44-D56F-A61C38C6DE2C}.Release|Any CPU.ActiveCfg = Release|Any CPU
		{43357933-1104-0F44-D56F-A61C38C6DE2C}.Release|Any CPU.Build.0 = Release|Any CPU
		{3BA55168-094E-9C92-BDBE-2B1ED87952DD}.Debug|Any CPU.ActiveCfg = Debug|Any CPU
		{3BA55168-094E-9C92-BDBE-2B1ED87952DD}.Debug|Any CPU.Build.0 = Debug|Any CPU
		{3BA55168-094E-9C92-BDBE-2B1ED87952DD}.Release|Any CPU.ActiveCfg = Release|Any CPU
		{3BA55168-094E-9C92-BDBE-2B1ED87952DD}.Release|Any CPU.Build.0 = Release|Any CPU
		{78E8D246-CA3E-3D6F-6A67-72E1783C5028}.Debug|Any CPU.ActiveCfg = Debug|Any CPU
		{78E8D246-CA3E-3D6F-6A67-72E1783C5028}.Debug|Any CPU.Build.0 = Debug|Any CPU
		{78E8D246-CA3E-3D6F-6A67-72E1783C5028}.Release|Any CPU.ActiveCfg = Release|Any CPU
		{78E8D246-CA3E-3D6F-6A67-72E1783C5028}.Release|Any CPU.Build.0 = Release|Any CPU
		{E456B13A-3CAC-C4BE-E306-C3407D4EED42}.Debug|Any CPU.ActiveCfg = Debug|Any CPU
		{E456B13A-3CAC-C4BE-E306-C3407D4EED42}.Debug|Any CPU.Build.0 = Debug|Any CPU
		{E456B13A-3CAC-C4BE-E306-C3407D4EED42}.Release|Any CPU.ActiveCfg = Release|Any CPU
		{E456B13A-3CAC-C4BE-E306-C3407D4EED42}.Release|Any CPU.Build.0 = Release|Any CPU
		{763CFA44-7ED6-1E31-6019-3469D16CD46A}.Debug|Any CPU.ActiveCfg = Debug|Any CPU
		{763CFA44-7ED6-1E31-6019-3469D16CD46A}.Debug|Any CPU.Build.0 = Debug|Any CPU
		{763CFA44-7ED6-1E31-6019-3469D16CD46A}.Release|Any CPU.ActiveCfg = Release|Any CPU
		{763CFA44-7ED6-1E31-6019-3469D16CD46A}.Release|Any CPU.Build.0 = Release|Any CPU
		{4B208DBF-A6F8-F62A-BDC3-AA502CD0D0DA}.Debug|Any CPU.ActiveCfg = Debug|Any CPU
		{4B208DBF-A6F8-F62A-BDC3-AA502CD0D0DA}.Debug|Any CPU.Build.0 = Debug|Any CPU
		{4B208DBF-A6F8-F62A-BDC3-AA502CD0D0DA}.Release|Any CPU.ActiveCfg = Release|Any CPU
		{4B208DBF-A6F8-F62A-BDC3-AA502CD0D0DA}.Release|Any CPU.Build.0 = Release|Any CPU
		{3B7C65CA-7AA9-A131-BBF2-7839EBC25CB7}.Debug|Any CPU.ActiveCfg = Debug|Any CPU
		{3B7C65CA-7AA9-A131-BBF2-7839EBC25CB7}.Debug|Any CPU.Build.0 = Debug|Any CPU
		{3B7C65CA-7AA9-A131-BBF2-7839EBC25CB7}.Release|Any CPU.ActiveCfg = Release|Any CPU
		{3B7C65CA-7AA9-A131-BBF2-7839EBC25CB7}.Release|Any CPU.Build.0 = Release|Any CPU
		{4D513A08-B73D-1F49-1F9E-B376AE7D2F23}.Debug|Any CPU.ActiveCfg = Debug|Any CPU
		{4D513A08-B73D-1F49-1F9E-B376AE7D2F23}.Debug|Any CPU.Build.0 = Debug|Any CPU
		{4D513A08-B73D-1F49-1F9E-B376AE7D2F23}.Release|Any CPU.ActiveCfg = Release|Any CPU
		{4D513A08-B73D-1F49-1F9E-B376AE7D2F23}.Release|Any CPU.Build.0 = Release|Any CPU
		{09328A2A-0A84-8A48-5D45-6B46EAFE0431}.Debug|Any CPU.ActiveCfg = Debug|Any CPU
		{09328A2A-0A84-8A48-5D45-6B46EAFE0431}.Debug|Any CPU.Build.0 = Debug|Any CPU
		{09328A2A-0A84-8A48-5D45-6B46EAFE0431}.Release|Any CPU.ActiveCfg = Release|Any CPU
		{09328A2A-0A84-8A48-5D45-6B46EAFE0431}.Release|Any CPU.Build.0 = Release|Any CPU
		{FAA3E1A6-4A75-216F-DC50-20E0E58A497C}.Debug|Any CPU.ActiveCfg = Debug|Any CPU
		{FAA3E1A6-4A75-216F-DC50-20E0E58A497C}.Debug|Any CPU.Build.0 = Debug|Any CPU
		{FAA3E1A6-4A75-216F-DC50-20E0E58A497C}.Release|Any CPU.ActiveCfg = Release|Any CPU
		{FAA3E1A6-4A75-216F-DC50-20E0E58A497C}.Release|Any CPU.Build.0 = Release|Any CPU
		{01CB3231-1B44-DDBA-0230-F2C4714F7B9D}.Debug|Any CPU.ActiveCfg = Debug|Any CPU
		{01CB3231-1B44-DDBA-0230-F2C4714F7B9D}.Debug|Any CPU.Build.0 = Debug|Any CPU
		{01CB3231-1B44-DDBA-0230-F2C4714F7B9D}.Release|Any CPU.ActiveCfg = Release|Any CPU
		{01CB3231-1B44-DDBA-0230-F2C4714F7B9D}.Release|Any CPU.Build.0 = Release|Any CPU
		{22B62FD1-2906-362A-BC29-7037D9C2C213}.Debug|Any CPU.ActiveCfg = Debug|Any CPU
		{22B62FD1-2906-362A-BC29-7037D9C2C213}.Debug|Any CPU.Build.0 = Debug|Any CPU
		{22B62FD1-2906-362A-BC29-7037D9C2C213}.Release|Any CPU.ActiveCfg = Release|Any CPU
		{22B62FD1-2906-362A-BC29-7037D9C2C213}.Release|Any CPU.Build.0 = Release|Any CPU
		{00E08A2D-6E75-13B6-D730-58470E535682}.Debug|Any CPU.ActiveCfg = Debug|Any CPU
		{00E08A2D-6E75-13B6-D730-58470E535682}.Debug|Any CPU.Build.0 = Debug|Any CPU
		{00E08A2D-6E75-13B6-D730-58470E535682}.Release|Any CPU.ActiveCfg = Release|Any CPU
		{00E08A2D-6E75-13B6-D730-58470E535682}.Release|Any CPU.Build.0 = Release|Any CPU
		{AE92A337-113F-7983-8BD9-06E8883F8970}.Debug|Any CPU.ActiveCfg = Debug|Any CPU
		{AE92A337-113F-7983-8BD9-06E8883F8970}.Debug|Any CPU.Build.0 = Debug|Any CPU
		{AE92A337-113F-7983-8BD9-06E8883F8970}.Release|Any CPU.ActiveCfg = Release|Any CPU
		{AE92A337-113F-7983-8BD9-06E8883F8970}.Release|Any CPU.Build.0 = Release|Any CPU
		{A1A70B6B-66C8-3B61-67B9-178E3606D3E5}.Debug|Any CPU.ActiveCfg = Debug|Any CPU
		{A1A70B6B-66C8-3B61-67B9-178E3606D3E5}.Debug|Any CPU.Build.0 = Debug|Any CPU
		{A1A70B6B-66C8-3B61-67B9-178E3606D3E5}.Release|Any CPU.ActiveCfg = Release|Any CPU
		{A1A70B6B-66C8-3B61-67B9-178E3606D3E5}.Release|Any CPU.Build.0 = Release|Any CPU
		{EED23DB5-0FDF-9E8E-FE87-DD693902A9B7}.Debug|Any CPU.ActiveCfg = Debug|Any CPU
		{EED23DB5-0FDF-9E8E-FE87-DD693902A9B7}.Debug|Any CPU.Build.0 = Debug|Any CPU
		{EED23DB5-0FDF-9E8E-FE87-DD693902A9B7}.Release|Any CPU.ActiveCfg = Release|Any CPU
		{EED23DB5-0FDF-9E8E-FE87-DD693902A9B7}.Release|Any CPU.Build.0 = Release|Any CPU
		{8A410642-E285-8FC2-68E7-E2A5F45FF374}.Debug|Any CPU.ActiveCfg = Debug|Any CPU
		{8A410642-E285-8FC2-68E7-E2A5F45FF374}.Debug|Any CPU.Build.0 = Debug|Any CPU
		{8A410642-E285-8FC2-68E7-E2A5F45FF374}.Release|Any CPU.ActiveCfg = Release|Any CPU
		{8A410642-E285-8FC2-68E7-E2A5F45FF374}.Release|Any CPU.Build.0 = Release|Any CPU
		{8CCB7C0F-59E3-0D6C-20BC-8D174EFBFCD6}.Debug|Any CPU.ActiveCfg = Debug|Any CPU
		{8CCB7C0F-59E3-0D6C-20BC-8D174EFBFCD6}.Debug|Any CPU.Build.0 = Debug|Any CPU
		{8CCB7C0F-59E3-0D6C-20BC-8D174EFBFCD6}.Release|Any CPU.ActiveCfg = Release|Any CPU
		{8CCB7C0F-59E3-0D6C-20BC-8D174EFBFCD6}.Release|Any CPU.Build.0 = Release|Any CPU
		{9F3B3F69-2172-0243-A2E3-BE6C36D36F4E}.Debug|Any CPU.ActiveCfg = Debug|Any CPU
		{9F3B3F69-2172-0243-A2E3-BE6C36D36F4E}.Debug|Any CPU.Build.0 = Debug|Any CPU
		{9F3B3F69-2172-0243-A2E3-BE6C36D36F4E}.Release|Any CPU.ActiveCfg = Release|Any CPU
		{9F3B3F69-2172-0243-A2E3-BE6C36D36F4E}.Release|Any CPU.Build.0 = Release|Any CPU
		{48FB58AE-521B-9827-4169-6FE2AE645C1E}.Debug|Any CPU.ActiveCfg = Debug|Any CPU
		{48FB58AE-521B-9827-4169-6FE2AE645C1E}.Debug|Any CPU.Build.0 = Debug|Any CPU
		{48FB58AE-521B-9827-4169-6FE2AE645C1E}.Release|Any CPU.ActiveCfg = Release|Any CPU
		{48FB58AE-521B-9827-4169-6FE2AE645C1E}.Release|Any CPU.Build.0 = Release|Any CPU
		{3115F8D8-D471-64D5-BD8C-5B8669560FE3}.Debug|Any CPU.ActiveCfg = Debug|Any CPU
		{3115F8D8-D471-64D5-BD8C-5B8669560FE3}.Debug|Any CPU.Build.0 = Debug|Any CPU
		{3115F8D8-D471-64D5-BD8C-5B8669560FE3}.Release|Any CPU.ActiveCfg = Release|Any CPU
		{3115F8D8-D471-64D5-BD8C-5B8669560FE3}.Release|Any CPU.Build.0 = Release|Any CPU
		{09BE905F-468C-60A2-8C4B-D0A4B89657D3}.Debug|Any CPU.ActiveCfg = Debug|Any CPU
		{09BE905F-468C-60A2-8C4B-D0A4B89657D3}.Debug|Any CPU.Build.0 = Debug|Any CPU
		{09BE905F-468C-60A2-8C4B-D0A4B89657D3}.Release|Any CPU.ActiveCfg = Release|Any CPU
		{09BE905F-468C-60A2-8C4B-D0A4B89657D3}.Release|Any CPU.Build.0 = Release|Any CPU
		{E73C8512-7230-3292-4336-43E0E24B3F07}.Debug|Any CPU.ActiveCfg = Debug|Any CPU
		{E73C8512-7230-3292-4336-43E0E24B3F07}.Debug|Any CPU.Build.0 = Debug|Any CPU
		{E73C8512-7230-3292-4336-43E0E24B3F07}.Release|Any CPU.ActiveCfg = Release|Any CPU
		{E73C8512-7230-3292-4336-43E0E24B3F07}.Release|Any CPU.Build.0 = Release|Any CPU
		{12FE58AA-5AB8-8706-0AD8-5FBA518F3B80}.Debug|Any CPU.ActiveCfg = Debug|Any CPU
		{12FE58AA-5AB8-8706-0AD8-5FBA518F3B80}.Debug|Any CPU.Build.0 = Debug|Any CPU
		{12FE58AA-5AB8-8706-0AD8-5FBA518F3B80}.Release|Any CPU.ActiveCfg = Release|Any CPU
		{12FE58AA-5AB8-8706-0AD8-5FBA518F3B80}.Release|Any CPU.Build.0 = Release|Any CPU
		{AE69ECDE-3577-95FA-21FF-99C25AF52362}.Debug|Any CPU.ActiveCfg = Debug|Any CPU
		{AE69ECDE-3577-95FA-21FF-99C25AF52362}.Debug|Any CPU.Build.0 = Debug|Any CPU
		{AE69ECDE-3577-95FA-21FF-99C25AF52362}.Release|Any CPU.ActiveCfg = Release|Any CPU
		{AE69ECDE-3577-95FA-21FF-99C25AF52362}.Release|Any CPU.Build.0 = Release|Any CPU
		{AE107DA6-5044-57C4-5AD5-0DAA41A78D53}.Debug|Any CPU.ActiveCfg = Debug|Any CPU
		{AE107DA6-5044-57C4-5AD5-0DAA41A78D53}.Debug|Any CPU.Build.0 = Debug|Any CPU
		{AE107DA6-5044-57C4-5AD5-0DAA41A78D53}.Release|Any CPU.ActiveCfg = Release|Any CPU
		{AE107DA6-5044-57C4-5AD5-0DAA41A78D53}.Release|Any CPU.Build.0 = Release|Any CPU
		{BF46B9CE-8FDD-D37C-5809-5A507608F6C4}.Debug|Any CPU.ActiveCfg = Debug|Any CPU
		{BF46B9CE-8FDD-D37C-5809-5A507608F6C4}.Debug|Any CPU.Build.0 = Debug|Any CPU
		{BF46B9CE-8FDD-D37C-5809-5A507608F6C4}.Release|Any CPU.ActiveCfg = Release|Any CPU
		{BF46B9CE-8FDD-D37C-5809-5A507608F6C4}.Release|Any CPU.Build.0 = Release|Any CPU
		{0C305582-4553-6ED1-93D5-CF35D59C4AD4}.Debug|Any CPU.ActiveCfg = Debug|Any CPU
		{0C305582-4553-6ED1-93D5-CF35D59C4AD4}.Debug|Any CPU.Build.0 = Debug|Any CPU
		{0C305582-4553-6ED1-93D5-CF35D59C4AD4}.Release|Any CPU.ActiveCfg = Release|Any CPU
		{0C305582-4553-6ED1-93D5-CF35D59C4AD4}.Release|Any CPU.Build.0 = Release|Any CPU
		{87D63D61-96C8-2A12-F709-9A29304FE63D}.Debug|Any CPU.ActiveCfg = Debug|Any CPU
		{87D63D61-96C8-2A12-F709-9A29304FE63D}.Debug|Any CPU.Build.0 = Debug|Any CPU
		{87D63D61-96C8-2A12-F709-9A29304FE63D}.Release|Any CPU.ActiveCfg = Release|Any CPU
		{87D63D61-96C8-2A12-F709-9A29304FE63D}.Release|Any CPU.Build.0 = Release|Any CPU
		{92A372FD-17C3-2E58-8EC2-5AD9D037A470}.Debug|Any CPU.ActiveCfg = Debug|Any CPU
		{92A372FD-17C3-2E58-8EC2-5AD9D037A470}.Debug|Any CPU.Build.0 = Debug|Any CPU
		{92A372FD-17C3-2E58-8EC2-5AD9D037A470}.Release|Any CPU.ActiveCfg = Release|Any CPU
		{92A372FD-17C3-2E58-8EC2-5AD9D037A470}.Release|Any CPU.Build.0 = Release|Any CPU
		{1AC05E6A-14D5-1AE0-9121-4675039FEA98}.Debug|Any CPU.ActiveCfg = Debug|Any CPU
		{1AC05E6A-14D5-1AE0-9121-4675039FEA98}.Debug|Any CPU.Build.0 = Debug|Any CPU
		{1AC05E6A-14D5-1AE0-9121-4675039FEA98}.Release|Any CPU.ActiveCfg = Release|Any CPU
		{1AC05E6A-14D5-1AE0-9121-4675039FEA98}.Release|Any CPU.Build.0 = Release|Any CPU
		{E72A4F28-10B1-BB61-1891-F49CA5281BA7}.Debug|Any CPU.ActiveCfg = Debug|Any CPU
		{E72A4F28-10B1-BB61-1891-F49CA5281BA7}.Debug|Any CPU.Build.0 = Debug|Any CPU
		{E72A4F28-10B1-BB61-1891-F49CA5281BA7}.Release|Any CPU.ActiveCfg = Release|Any CPU
		{E72A4F28-10B1-BB61-1891-F49CA5281BA7}.Release|Any CPU.Build.0 = Release|Any CPU
		{CA610BC8-BF4F-A41F-1AE9-C149D72E408B}.Debug|Any CPU.ActiveCfg = Debug|Any CPU
		{CA610BC8-BF4F-A41F-1AE9-C149D72E408B}.Debug|Any CPU.Build.0 = Debug|Any CPU
		{CA610BC8-BF4F-A41F-1AE9-C149D72E408B}.Release|Any CPU.ActiveCfg = Release|Any CPU
		{CA610BC8-BF4F-A41F-1AE9-C149D72E408B}.Release|Any CPU.Build.0 = Release|Any CPU
		{CEE4FC60-7113-D3CD-CC91-676A9D0E7B8B}.Debug|Any CPU.ActiveCfg = Debug|Any CPU
		{CEE4FC60-7113-D3CD-CC91-676A9D0E7B8B}.Debug|Any CPU.Build.0 = Debug|Any CPU
		{CEE4FC60-7113-D3CD-CC91-676A9D0E7B8B}.Release|Any CPU.ActiveCfg = Release|Any CPU
		{CEE4FC60-7113-D3CD-CC91-676A9D0E7B8B}.Release|Any CPU.Build.0 = Release|Any CPU
		{A0899659-3125-7633-1915-16AC5A64138D}.Debug|Any CPU.ActiveCfg = Debug|Any CPU
		{A0899659-3125-7633-1915-16AC5A64138D}.Debug|Any CPU.Build.0 = Debug|Any CPU
		{A0899659-3125-7633-1915-16AC5A64138D}.Release|Any CPU.ActiveCfg = Release|Any CPU
		{A0899659-3125-7633-1915-16AC5A64138D}.Release|Any CPU.Build.0 = Release|Any CPU
		{798E79C9-24C5-31F9-9BA4-FF743BEE70CE}.Debug|Any CPU.ActiveCfg = Debug|Any CPU
		{798E79C9-24C5-31F9-9BA4-FF743BEE70CE}.Debug|Any CPU.Build.0 = Debug|Any CPU
		{798E79C9-24C5-31F9-9BA4-FF743BEE70CE}.Release|Any CPU.ActiveCfg = Release|Any CPU
		{798E79C9-24C5-31F9-9BA4-FF743BEE70CE}.Release|Any CPU.Build.0 = Release|Any CPU
		{6D4FB0CF-5688-8881-9152-CF0B1F305E0D}.Debug|Any CPU.ActiveCfg = Debug|Any CPU
		{6D4FB0CF-5688-8881-9152-CF0B1F305E0D}.Debug|Any CPU.Build.0 = Debug|Any CPU
		{6D4FB0CF-5688-8881-9152-CF0B1F305E0D}.Release|Any CPU.ActiveCfg = Release|Any CPU
		{6D4FB0CF-5688-8881-9152-CF0B1F305E0D}.Release|Any CPU.Build.0 = Release|Any CPU
		{39505FD1-F162-2204-DEE8-6962A87734C8}.Debug|Any CPU.ActiveCfg = Debug|Any CPU
		{39505FD1-F162-2204-DEE8-6962A87734C8}.Debug|Any CPU.Build.0 = Debug|Any CPU
		{39505FD1-F162-2204-DEE8-6962A87734C8}.Release|Any CPU.ActiveCfg = Release|Any CPU
		{39505FD1-F162-2204-DEE8-6962A87734C8}.Release|Any CPU.Build.0 = Release|Any CPU
	EndGlobalSection
	GlobalSection(SolutionProperties) = preSolution
		HideSolutionNode = FALSE
	EndGlobalSection
EndGlobal
